
Microsoft Visual Studio Solution File, Format Version 12.00
# Visual Studio 15
VisualStudioVersion = 15.0.28010.2048
MinimumVisualStudioVersion = 10.0.40219.1
Project("{9A19103F-16F7-4668-BE54-9A1E7A4F7556}") = "remove-Bot Builder Echo Bot V4", "Bot1\Bot Builder Echo Bot V4\remove-Bot Builder Echo Bot V4.csproj", "{6891EBCA-5E94-42FC-B9D8-BCE38F91331B}"
EndProject
Project("{9A19103F-16F7-4668-BE54-9A1E7A4F7556}") = "remove-Bot Builder Basic Bot V4", "Bot1\Bot Builder Basic Bot V4\remove-Bot Builder Basic Bot V4.csproj", "{F38FB696-7D04-41DF-A17E-EE7376ACDCF3}"
EndProject
Project("{9A19103F-16F7-4668-BE54-9A1E7A4F7556}") = "01 Bot Builder Simplified Echo Bot V4", "Bot Builder Simplified Echo Bot V4\01 Bot Builder Simplified Echo Bot V4.csproj", "{1A2BDADD-B4A1-4938-A154-1E744271746D}"
EndProject
Project("{9A19103F-16F7-4668-BE54-9A1E7A4F7556}") = "02 Simplified Middleware Echo Bot V4", "Simplified Middleware Echo Bot V4\02 Simplified Middleware Echo Bot V4.csproj", "{04F850EE-7A61-4714-B72C-DFE9EE78F569}"
EndProject
Project("{9A19103F-16F7-4668-BE54-9A1E7A4F7556}") = "remove-Dialog Echo Bot V4", "Dialog Echo Bot V4\remove-Dialog Echo Bot V4.csproj", "{F5F7CA0F-54C6-488E-8B83-B0E9675E9191}"
EndProject
Project("{9A19103F-16F7-4668-BE54-9A1E7A4F7556}") = "03 WelcomeMessageMiddlewareEchoBotV4", "WelcomeMessageMiddlewareEchoBotV4\03 WelcomeMessageMiddlewareEchoBotV4.csproj", "{D70493B5-460C-493D-A707-D0C4F7814024}"
EndProject
Project("{9A19103F-16F7-4668-BE54-9A1E7A4F7556}") = "04 DialogsWithoutAccessorBotV4", "DialogWithoutAccessorBotV4\04 DialogsWithoutAccessorBotV4.csproj", "{5F9784F2-DB31-434D-8C09-084F67AEF74C}"
EndProject
Project("{9A19103F-16F7-4668-BE54-9A1E7A4F7556}") = "05 DialogWithAccessorBotV4", "DialogWithAccessorBotV4\05 DialogWithAccessorBotV4.csproj", "{462A7E1C-439E-41E4-8E5E-A7B0AE1A15C4}"
EndProject
Project("{9A19103F-16F7-4668-BE54-9A1E7A4F7556}") = "06 WelcomeMessageWithAccessorBotV4", "WelcomeMessageWithAccessorBotV4\06 WelcomeMessageWithAccessorBotV4.csproj", "{2476E8DC-7680-4031-83F2-EE8199EBF75F}"
EndProject
Project("{9A19103F-16F7-4668-BE54-9A1E7A4F7556}") = "remove-WelcomeUser", "..\BotBuilder-Samples\samples\csharp_dotnetcore\03.welcome-user\remove-WelcomeUser.csproj", "{2379A217-6040-4F36-BD0C-75462724F581}"
EndProject
Global
	GlobalSection(SolutionConfigurationPlatforms) = preSolution
		Debug|Any CPU = Debug|Any CPU
		Release|Any CPU = Release|Any CPU
	EndGlobalSection
	GlobalSection(ProjectConfigurationPlatforms) = postSolution
		{6891EBCA-5E94-42FC-B9D8-BCE38F91331B}.Debug|Any CPU.ActiveCfg = Debug|Any CPU
		{6891EBCA-5E94-42FC-B9D8-BCE38F91331B}.Debug|Any CPU.Build.0 = Debug|Any CPU
		{6891EBCA-5E94-42FC-B9D8-BCE38F91331B}.Release|Any CPU.ActiveCfg = Release|Any CPU
		{6891EBCA-5E94-42FC-B9D8-BCE38F91331B}.Release|Any CPU.Build.0 = Release|Any CPU
		{F38FB696-7D04-41DF-A17E-EE7376ACDCF3}.Debug|Any CPU.ActiveCfg = Debug|Any CPU
		{F38FB696-7D04-41DF-A17E-EE7376ACDCF3}.Debug|Any CPU.Build.0 = Debug|Any CPU
		{F38FB696-7D04-41DF-A17E-EE7376ACDCF3}.Release|Any CPU.ActiveCfg = Release|Any CPU
		{F38FB696-7D04-41DF-A17E-EE7376ACDCF3}.Release|Any CPU.Build.0 = Release|Any CPU
		{1A2BDADD-B4A1-4938-A154-1E744271746D}.Debug|Any CPU.ActiveCfg = Debug|Any CPU
		{1A2BDADD-B4A1-4938-A154-1E744271746D}.Debug|Any CPU.Build.0 = Debug|Any CPU
		{1A2BDADD-B4A1-4938-A154-1E744271746D}.Release|Any CPU.ActiveCfg = Release|Any CPU
		{1A2BDADD-B4A1-4938-A154-1E744271746D}.Release|Any CPU.Build.0 = Release|Any CPU
		{04F850EE-7A61-4714-B72C-DFE9EE78F569}.Debug|Any CPU.ActiveCfg = Debug|Any CPU
		{04F850EE-7A61-4714-B72C-DFE9EE78F569}.Debug|Any CPU.Build.0 = Debug|Any CPU
		{04F850EE-7A61-4714-B72C-DFE9EE78F569}.Release|Any CPU.ActiveCfg = Release|Any CPU
		{04F850EE-7A61-4714-B72C-DFE9EE78F569}.Release|Any CPU.Build.0 = Release|Any CPU
		{F5F7CA0F-54C6-488E-8B83-B0E9675E9191}.Debug|Any CPU.ActiveCfg = Debug|Any CPU
		{F5F7CA0F-54C6-488E-8B83-B0E9675E9191}.Debug|Any CPU.Build.0 = Debug|Any CPU
		{F5F7CA0F-54C6-488E-8B83-B0E9675E9191}.Release|Any CPU.ActiveCfg = Release|Any CPU
		{F5F7CA0F-54C6-488E-8B83-B0E9675E9191}.Release|Any CPU.Build.0 = Release|Any CPU
		{D70493B5-460C-493D-A707-D0C4F7814024}.Debug|Any CPU.ActiveCfg = Debug|Any CPU
		{D70493B5-460C-493D-A707-D0C4F7814024}.Debug|Any CPU.Build.0 = Debug|Any CPU
		{D70493B5-460C-493D-A707-D0C4F7814024}.Release|Any CPU.ActiveCfg = Release|Any CPU
		{D70493B5-460C-493D-A707-D0C4F7814024}.Release|Any CPU.Build.0 = Release|Any CPU
		{5F9784F2-DB31-434D-8C09-084F67AEF74C}.Debug|Any CPU.ActiveCfg = Debug|Any CPU
		{5F9784F2-DB31-434D-8C09-084F67AEF74C}.Debug|Any CPU.Build.0 = Debug|Any CPU
		{5F9784F2-DB31-434D-8C09-084F67AEF74C}.Release|Any CPU.ActiveCfg = Release|Any CPU
		{5F9784F2-DB31-434D-8C09-084F67AEF74C}.Release|Any CPU.Build.0 = Release|Any CPU
		{462A7E1C-439E-41E4-8E5E-A7B0AE1A15C4}.Debug|Any CPU.ActiveCfg = Debug|Any CPU
		{462A7E1C-439E-41E4-8E5E-A7B0AE1A15C4}.Debug|Any CPU.Build.0 = Debug|Any CPU
		{462A7E1C-439E-41E4-8E5E-A7B0AE1A15C4}.Release|Any CPU.ActiveCfg = Release|Any CPU
		{462A7E1C-439E-41E4-8E5E-A7B0AE1A15C4}.Release|Any CPU.Build.0 = Release|Any CPU
		{2476E8DC-7680-4031-83F2-EE8199EBF75F}.Debug|Any CPU.ActiveCfg = Debug|Any CPU
		{2476E8DC-7680-4031-83F2-EE8199EBF75F}.Debug|Any CPU.Build.0 = Debug|Any CPU
		{2476E8DC-7680-4031-83F2-EE8199EBF75F}.Release|Any CPU.ActiveCfg = Release|Any CPU
		{2476E8DC-7680-4031-83F2-EE8199EBF75F}.Release|Any CPU.Build.0 = Release|Any CPU
		{2379A217-6040-4F36-BD0C-75462724F581}.Debug|Any CPU.ActiveCfg = Debug|Any CPU
		{2379A217-6040-4F36-BD0C-75462724F581}.Debug|Any CPU.Build.0 = Debug|Any CPU
		{2379A217-6040-4F36-BD0C-75462724F581}.Release|Any CPU.ActiveCfg = Release|Any CPU
		{2379A217-6040-4F36-BD0C-75462724F581}.Release|Any CPU.Build.0 = Release|Any CPU
	EndGlobalSection
	GlobalSection(SolutionProperties) = preSolution
		HideSolutionNode = FALSE
	EndGlobalSection
	GlobalSection(ExtensibilityGlobals) = postSolution
		SolutionGuid = {7C69D26A-9C39-41F1-A67E-84EA7F356F0B}
	EndGlobalSection
EndGlobal
