
Microsoft Visual Studio Solution File, Format Version 12.00
# Visual Studio 15
VisualStudioVersion = 15.0.28010.2048
MinimumVisualStudioVersion = 10.0.40219.1
Project("{9A19103F-16F7-4668-BE54-9A1E7A4F7556}") = "Reference01-Bot Builder Echo Bot V4", "Bot1\Bot Builder Echo Bot V4\Reference01-Bot Builder Echo Bot V4.csproj", "{6891EBCA-5E94-42FC-B9D8-BCE38F91331B}"
EndProject
Project("{9A19103F-16F7-4668-BE54-9A1E7A4F7556}") = "Reference02-Bot Builder Basic Bot V4", "Bot1\Bot Builder Basic Bot V4\Reference02-Bot Builder Basic Bot V4.csproj", "{F38FB696-7D04-41DF-A17E-EE7376ACDCF3}"
EndProject
Project("{9A19103F-16F7-4668-BE54-9A1E7A4F7556}") = "01 SimplifiedEchoBotV4", "Bot Builder Simplified Echo Bot V4\01 SimplifiedEchoBotV4.csproj", "{1A2BDADD-B4A1-4938-A154-1E744271746D}"
EndProject
Project("{9A19103F-16F7-4668-BE54-9A1E7A4F7556}") = "02 SimplifiedMiddlewareEchoBotV4", "Simplified Middleware Echo Bot V4\02 SimplifiedMiddlewareEchoBotV4.csproj", "{04F850EE-7A61-4714-B72C-DFE9EE78F569}"
EndProject
Project("{9A19103F-16F7-4668-BE54-9A1E7A4F7556}") = "04 DialogWithoutAccessorBotV4", "DialogWithoutAccessorBotV4\04 DialogWithoutAccessorBotV4.csproj", "{5F9784F2-DB31-434D-8C09-084F67AEF74C}"
EndProject
Project("{9A19103F-16F7-4668-BE54-9A1E7A4F7556}") = "05 DialogWithAccessorBotV4", "DialogWithAccessorBotV4\05 DialogWithAccessorBotV4.csproj", "{462A7E1C-439E-41E4-8E5E-A7B0AE1A15C4}"
EndProject
Project("{9A19103F-16F7-4668-BE54-9A1E7A4F7556}") = "06 WelcomeMessageWithAccessorBotV4", "WelcomeMessageWithAccessorBotV4\06 WelcomeMessageWithAccessorBotV4.csproj", "{2476E8DC-7680-4031-83F2-EE8199EBF75F}"
EndProject
Project("{9A19103F-16F7-4668-BE54-9A1E7A4F7556}") = "07 SimplifiedWaterfallDialogBotV4", "SimplifiedWaterfallDialogBotV4\07 SimplifiedWaterfallDialogBotV4.csproj", "{7966B8D5-6585-4D9D-A2F3-8C2C94B33CBE}"
EndProject
Project("{9A19103F-16F7-4668-BE54-9A1E7A4F7556}") = "08 WaterfallDialogWithHardcodedCasesBotV4", "WaterfallDialogWithHardcodedCasesBotV4\08 WaterfallDialogWithHardcodedCasesBotV4.csproj", "{4AFAC17C-8015-41AD-A7D9-BA3BAF4A70F7}"
EndProject
Project("{9A19103F-16F7-4668-BE54-9A1E7A4F7556}") = "09 DuelingDialogsBotV4", "DuelingDialogsBotV4\09 DuelingDialogsBotV4.csproj", "{546ADBEA-3994-4CDD-9E78-A6E5573D12C5}"
EndProject
Project("{9A19103F-16F7-4668-BE54-9A1E7A4F7556}") = "11 MultiDialogsWithAccessorBotV4", "MultiDialogsWithAccessorBotV4\11 MultiDialogsWithAccessorBotV4.csproj", "{937F69D6-4E15-4E02-B02C-117474B1731E}"
EndProject
Project("{D954291E-2A0B-460D-934E-DC6B0785DB48}") = "Reference03-ReferencesToImportantSamples", "Reference03-ReferencesToOfficialSamples\Reference03-ReferencesToImportantSamples.shproj", "{1F84DD90-3391-400D-9803-DB0C3CE06C98}"
EndProject
Project("{9A19103F-16F7-4668-BE54-9A1E7A4F7556}") = "03 WelcomeMessageWithoutAccessorBotV4", "WelcomeMessageWithoutAccessorBotV4\03 WelcomeMessageWithoutAccessorBotV4.csproj", "{F6A8B878-C54C-4789-BB12-EE96735B40E6}"
EndProject
Project("{9A19103F-16F7-4668-BE54-9A1E7A4F7556}") = "10 DuelingDialogsUsingAccessorBotV4", "DuelingDialogsUsingAccessorBotV4\10 DuelingDialogsUsingAccessorBotV4.csproj", "{D36E1DBF-BA8A-4E11-AA06-4BA916FE754A}"
EndProject
Global
	GlobalSection(SharedMSBuildProjectFiles) = preSolution
		Reference03-ReferencesToOfficialSamples\Reference03-ReferencesToOfficialSamples.projitems*{1f84dd90-3391-400d-9803-db0c3ce06c98}*SharedItemsImports = 13
	EndGlobalSection
	GlobalSection(SolutionConfigurationPlatforms) = preSolution
		Debug|Any CPU = Debug|Any CPU
		Release|Any CPU = Release|Any CPU
	EndGlobalSection
	GlobalSection(ProjectConfigurationPlatforms) = postSolution
		{6891EBCA-5E94-42FC-B9D8-BCE38F91331B}.Debug|Any CPU.ActiveCfg = Debug|Any CPU
		{6891EBCA-5E94-42FC-B9D8-BCE38F91331B}.Debug|Any CPU.Build.0 = Debug|Any CPU
		{6891EBCA-5E94-42FC-B9D8-BCE38F91331B}.Release|Any CPU.ActiveCfg = Release|Any CPU
		{6891EBCA-5E94-42FC-B9D8-BCE38F91331B}.Release|Any CPU.Build.0 = Release|Any CPU
		{F38FB696-7D04-41DF-A17E-EE7376ACDCF3}.Debug|Any CPU.ActiveCfg = Debug|Any CPU
		{F38FB696-7D04-41DF-A17E-EE7376ACDCF3}.Debug|Any CPU.Build.0 = Debug|Any CPU
		{F38FB696-7D04-41DF-A17E-EE7376ACDCF3}.Release|Any CPU.ActiveCfg = Release|Any CPU
		{F38FB696-7D04-41DF-A17E-EE7376ACDCF3}.Release|Any CPU.Build.0 = Release|Any CPU
		{1A2BDADD-B4A1-4938-A154-1E744271746D}.Debug|Any CPU.ActiveCfg = Debug|Any CPU
		{1A2BDADD-B4A1-4938-A154-1E744271746D}.Debug|Any CPU.Build.0 = Debug|Any CPU
		{1A2BDADD-B4A1-4938-A154-1E744271746D}.Release|Any CPU.ActiveCfg = Release|Any CPU
		{1A2BDADD-B4A1-4938-A154-1E744271746D}.Release|Any CPU.Build.0 = Release|Any CPU
		{04F850EE-7A61-4714-B72C-DFE9EE78F569}.Debug|Any CPU.ActiveCfg = Debug|Any CPU
		{04F850EE-7A61-4714-B72C-DFE9EE78F569}.Debug|Any CPU.Build.0 = Debug|Any CPU
		{04F850EE-7A61-4714-B72C-DFE9EE78F569}.Release|Any CPU.ActiveCfg = Release|Any CPU
		{04F850EE-7A61-4714-B72C-DFE9EE78F569}.Release|Any CPU.Build.0 = Release|Any CPU
		{5F9784F2-DB31-434D-8C09-084F67AEF74C}.Debug|Any CPU.ActiveCfg = Debug|Any CPU
		{5F9784F2-DB31-434D-8C09-084F67AEF74C}.Debug|Any CPU.Build.0 = Debug|Any CPU
		{5F9784F2-DB31-434D-8C09-084F67AEF74C}.Release|Any CPU.ActiveCfg = Release|Any CPU
		{5F9784F2-DB31-434D-8C09-084F67AEF74C}.Release|Any CPU.Build.0 = Release|Any CPU
		{462A7E1C-439E-41E4-8E5E-A7B0AE1A15C4}.Debug|Any CPU.ActiveCfg = Debug|Any CPU
		{462A7E1C-439E-41E4-8E5E-A7B0AE1A15C4}.Debug|Any CPU.Build.0 = Debug|Any CPU
		{462A7E1C-439E-41E4-8E5E-A7B0AE1A15C4}.Release|Any CPU.ActiveCfg = Release|Any CPU
		{462A7E1C-439E-41E4-8E5E-A7B0AE1A15C4}.Release|Any CPU.Build.0 = Release|Any CPU
		{2476E8DC-7680-4031-83F2-EE8199EBF75F}.Debug|Any CPU.ActiveCfg = Debug|Any CPU
		{2476E8DC-7680-4031-83F2-EE8199EBF75F}.Debug|Any CPU.Build.0 = Debug|Any CPU
		{2476E8DC-7680-4031-83F2-EE8199EBF75F}.Release|Any CPU.ActiveCfg = Release|Any CPU
		{2476E8DC-7680-4031-83F2-EE8199EBF75F}.Release|Any CPU.Build.0 = Release|Any CPU
		{7966B8D5-6585-4D9D-A2F3-8C2C94B33CBE}.Debug|Any CPU.ActiveCfg = Debug|Any CPU
		{7966B8D5-6585-4D9D-A2F3-8C2C94B33CBE}.Debug|Any CPU.Build.0 = Debug|Any CPU
		{7966B8D5-6585-4D9D-A2F3-8C2C94B33CBE}.Release|Any CPU.ActiveCfg = Release|Any CPU
		{7966B8D5-6585-4D9D-A2F3-8C2C94B33CBE}.Release|Any CPU.Build.0 = Release|Any CPU
		{4AFAC17C-8015-41AD-A7D9-BA3BAF4A70F7}.Debug|Any CPU.ActiveCfg = Debug|Any CPU
		{4AFAC17C-8015-41AD-A7D9-BA3BAF4A70F7}.Debug|Any CPU.Build.0 = Debug|Any CPU
		{4AFAC17C-8015-41AD-A7D9-BA3BAF4A70F7}.Release|Any CPU.ActiveCfg = Release|Any CPU
		{4AFAC17C-8015-41AD-A7D9-BA3BAF4A70F7}.Release|Any CPU.Build.0 = Release|Any CPU
		{546ADBEA-3994-4CDD-9E78-A6E5573D12C5}.Debug|Any CPU.ActiveCfg = Debug|Any CPU
		{546ADBEA-3994-4CDD-9E78-A6E5573D12C5}.Debug|Any CPU.Build.0 = Debug|Any CPU
		{546ADBEA-3994-4CDD-9E78-A6E5573D12C5}.Release|Any CPU.ActiveCfg = Release|Any CPU
		{546ADBEA-3994-4CDD-9E78-A6E5573D12C5}.Release|Any CPU.Build.0 = Release|Any CPU
		{937F69D6-4E15-4E02-B02C-117474B1731E}.Debug|Any CPU.ActiveCfg = Debug|Any CPU
		{937F69D6-4E15-4E02-B02C-117474B1731E}.Debug|Any CPU.Build.0 = Debug|Any CPU
		{937F69D6-4E15-4E02-B02C-117474B1731E}.Release|Any CPU.ActiveCfg = Release|Any CPU
		{937F69D6-4E15-4E02-B02C-117474B1731E}.Release|Any CPU.Build.0 = Release|Any CPU
		{F6A8B878-C54C-4789-BB12-EE96735B40E6}.Debug|Any CPU.ActiveCfg = Debug|Any CPU
		{F6A8B878-C54C-4789-BB12-EE96735B40E6}.Debug|Any CPU.Build.0 = Debug|Any CPU
		{F6A8B878-C54C-4789-BB12-EE96735B40E6}.Release|Any CPU.ActiveCfg = Release|Any CPU
		{F6A8B878-C54C-4789-BB12-EE96735B40E6}.Release|Any CPU.Build.0 = Release|Any CPU
		{D36E1DBF-BA8A-4E11-AA06-4BA916FE754A}.Debug|Any CPU.ActiveCfg = Debug|Any CPU
		{D36E1DBF-BA8A-4E11-AA06-4BA916FE754A}.Debug|Any CPU.Build.0 = Debug|Any CPU
		{D36E1DBF-BA8A-4E11-AA06-4BA916FE754A}.Release|Any CPU.ActiveCfg = Release|Any CPU
		{D36E1DBF-BA8A-4E11-AA06-4BA916FE754A}.Release|Any CPU.Build.0 = Release|Any CPU
	EndGlobalSection
	GlobalSection(SolutionProperties) = preSolution
		HideSolutionNode = FALSE
	EndGlobalSection
	GlobalSection(ExtensibilityGlobals) = postSolution
		SolutionGuid = {7C69D26A-9C39-41F1-A67E-84EA7F356F0B}
	EndGlobalSection
EndGlobal
